# THIS IS AN AUTOGENERATED FILE. DO NOT EDIT THIS FILE DIRECTLY.
# yarn lockfile v1


"@algolia/autocomplete-core@1.17.7":
  "integrity" "sha512-BjiPOW6ks90UKl7TwMv7oNQMnzU+t/wk9mgIDi6b1tXpUek7MW0lbNOUHpvam9pe3lVCf4xPFT+lK7s+e+fs7Q=="
  "resolved" "https://mirrors.cloud.tencent.com/npm/@algolia/autocomplete-core/-/autocomplete-core-1.17.7.tgz"
  "version" "1.17.7"
  dependencies:
    "@algolia/autocomplete-plugin-algolia-insights" "1.17.7"
    "@algolia/autocomplete-shared" "1.17.7"

"@algolia/autocomplete-plugin-algolia-insights@1.17.7":
  "integrity" "sha512-Jca5Ude6yUOuyzjnz57og7Et3aXjbwCSDf/8onLHSQgw1qW3ALl9mrMWaXb5FmPVkV3EtkD2F/+NkT6VHyPu9A=="
  "resolved" "https://mirrors.cloud.tencent.com/npm/@algolia/autocomplete-plugin-algolia-insights/-/autocomplete-plugin-algolia-insights-1.17.7.tgz"
  "version" "1.17.7"
  dependencies:
    "@algolia/autocomplete-shared" "1.17.7"

"@algolia/autocomplete-preset-algolia@1.17.7":
  "integrity" "sha512-ggOQ950+nwbWROq2MOCIL71RE0DdQZsceqrg32UqnhDz8FlO9rL8ONHNsI2R1MH0tkgVIDKI/D0sMiUchsFdWA=="
  "resolved" "https://mirrors.cloud.tencent.com/npm/@algolia/autocomplete-preset-algolia/-/autocomplete-preset-algolia-1.17.7.tgz"
  "version" "1.17.7"
  dependencies:
    "@algolia/autocomplete-shared" "1.17.7"

"@algolia/autocomplete-shared@1.17.7":
  "integrity" "sha512-o/1Vurr42U/qskRSuhBH+VKxMvkkUVTLU6WZQr+L5lGZZLYWyhdzWjW0iGXY7EkwRTjBqvN2EsR81yCTGV/kmg=="
  "resolved" "https://mirrors.cloud.tencent.com/npm/@algolia/autocomplete-shared/-/autocomplete-shared-1.17.7.tgz"
  "version" "1.17.7"

"@algolia/client-abtesting@5.34.1":
  "integrity" "sha512-M4zb6J7q+pg9V9Xk0k1WDgvupfCtXcxjKGTrNVYemiredLVGOmvVIPAUjg2rx4QmK7DWNApWLsieYwk7PAaOXw=="
  "resolved" "https://mirrors.cloud.tencent.com/npm/@algolia/client-abtesting/-/client-abtesting-5.34.1.tgz"
  "version" "5.34.1"
  dependencies:
    "@algolia/client-common" "5.34.1"
    "@algolia/requester-browser-xhr" "5.34.1"
    "@algolia/requester-fetch" "5.34.1"
    "@algolia/requester-node-http" "5.34.1"

"@algolia/client-analytics@5.34.1":
  "integrity" "sha512-h18zlL+bVUlbNE92olo1d/r6HQPkxhmP7yCpA1osERwpgC6F058kWm0O0aYdrHJIHtWBcs9aRqq7IkQSkpjPJg=="
  "resolved" "https://mirrors.cloud.tencent.com/npm/@algolia/client-analytics/-/client-analytics-5.34.1.tgz"
  "version" "5.34.1"
  dependencies:
    "@algolia/client-common" "5.34.1"
    "@algolia/requester-browser-xhr" "5.34.1"
    "@algolia/requester-fetch" "5.34.1"
    "@algolia/requester-node-http" "5.34.1"

"@algolia/client-common@5.34.1":
  "integrity" "sha512-otPWALs72KvmVuP0CN0DI6sqVx1jQWKi+/DgAiP8DysVMgiNlva3GDKTtAK6XVGlT08f4h32FNuL0yQODuCfKA=="
  "resolved" "https://mirrors.cloud.tencent.com/npm/@algolia/client-common/-/client-common-5.34.1.tgz"
  "version" "5.34.1"

"@algolia/client-insights@5.34.1":
  "integrity" "sha512-SNDb5wuEpQFM6S5Shk2iytLMusvGycm9uTuYh7cGa1h3U7O65OjjjIgQ0lLY5HPybHNtmXr4Zh/EZ23pZvAJHg=="
  "resolved" "https://mirrors.cloud.tencent.com/npm/@algolia/client-insights/-/client-insights-5.34.1.tgz"
  "version" "5.34.1"
  dependencies:
    "@algolia/client-common" "5.34.1"
    "@algolia/requester-browser-xhr" "5.34.1"
    "@algolia/requester-fetch" "5.34.1"
    "@algolia/requester-node-http" "5.34.1"

"@algolia/client-personalization@5.34.1":
  "integrity" "sha512-T8z9KqYJOup83Hw0mgICYWfJoLh//FNWbf4roFd95ZJzZ4v1cN/hvr7Eqml1qWMoCkJb4y/XQjrXsJ6Y9XnMLw=="
  "resolved" "https://mirrors.cloud.tencent.com/npm/@algolia/client-personalization/-/client-personalization-5.34.1.tgz"
  "version" "5.34.1"
  dependencies:
    "@algolia/client-common" "5.34.1"
    "@algolia/requester-browser-xhr" "5.34.1"
    "@algolia/requester-fetch" "5.34.1"
    "@algolia/requester-node-http" "5.34.1"

"@algolia/client-query-suggestions@5.34.1":
  "integrity" "sha512-YA0kC4CwO1mc1dliNgbFgToweRa7Uihjz3izEaV4cXninF1v4SaOrPkQUsiFPprAffjMzOUoT7vahQZ/HZyiKQ=="
  "resolved" "https://mirrors.cloud.tencent.com/npm/@algolia/client-query-suggestions/-/client-query-suggestions-5.34.1.tgz"
  "version" "5.34.1"
  dependencies:
    "@algolia/client-common" "5.34.1"
    "@algolia/requester-browser-xhr" "5.34.1"
    "@algolia/requester-fetch" "5.34.1"
    "@algolia/requester-node-http" "5.34.1"

"@algolia/client-search@>= 4.9.1 < 6", "@algolia/client-search@5.34.1":
  "integrity" "sha512-bt5hC9vvjaKvdvsgzfXJ42Sl3qjQqoi/FD8V7HOQgtNFhwSauZOlgLwFoUiw67sM+r7ehF7QDk5WRDgY7fAkIg=="
  "resolved" "https://mirrors.cloud.tencent.com/npm/@algolia/client-search/-/client-search-5.34.1.tgz"
  "version" "5.34.1"
  dependencies:
    "@algolia/client-common" "5.34.1"
    "@algolia/requester-browser-xhr" "5.34.1"
    "@algolia/requester-fetch" "5.34.1"
    "@algolia/requester-node-http" "5.34.1"

"@algolia/ingestion@1.34.1":
  "integrity" "sha512-QLxiBskQxFGzPqKZvBNEvNN95kgDCbBd2X29ZGfh6Sr2QOSU34US6Z9x2duiF4o9FwsB0i6eQ2c9vHfuH0lAQg=="
  "resolved" "https://mirrors.cloud.tencent.com/npm/@algolia/ingestion/-/ingestion-1.34.1.tgz"
  "version" "1.34.1"
  dependencies:
    "@algolia/client-common" "5.34.1"
    "@algolia/requester-browser-xhr" "5.34.1"
    "@algolia/requester-fetch" "5.34.1"
    "@algolia/requester-node-http" "5.34.1"

"@algolia/monitoring@1.34.1":
  "integrity" "sha512-NteCvWcWXXdnPGyZH8rXHslcf2pM1WGDNMGNZFXLFtOt1Gf1Tjy2t0NZLp+Mxap3JMV4mbYmactbXrvpQf/lLA=="
  "resolved" "https://mirrors.cloud.tencent.com/npm/@algolia/monitoring/-/monitoring-1.34.1.tgz"
  "version" "1.34.1"
  dependencies:
    "@algolia/client-common" "5.34.1"
    "@algolia/requester-browser-xhr" "5.34.1"
    "@algolia/requester-fetch" "5.34.1"
    "@algolia/requester-node-http" "5.34.1"

"@algolia/recommend@5.34.1":
  "integrity" "sha512-UdgDSrunLIBAAAxQlYLXYLnYFN4wkzkrAYx+wMLEk/pzASWyza3BkecbUFVqoYOBIgwo7Mt4iymzVtFkzL2uCQ=="
  "resolved" "https://mirrors.cloud.tencent.com/npm/@algolia/recommend/-/recommend-5.34.1.tgz"
  "version" "5.34.1"
  dependencies:
    "@algolia/client-common" "5.34.1"
    "@algolia/requester-browser-xhr" "5.34.1"
    "@algolia/requester-fetch" "5.34.1"
    "@algolia/requester-node-http" "5.34.1"

"@algolia/requester-browser-xhr@5.34.1":
  "integrity" "sha512-567LfFTc9VOiPtuySQohoqaWMeohYWbXK71aMSin+SLMgeKX7hz5LrVmkmMQj9udwWK6/mtHEYZGPYHSuXpLQg=="
  "resolved" "https://mirrors.cloud.tencent.com/npm/@algolia/requester-browser-xhr/-/requester-browser-xhr-5.34.1.tgz"
  "version" "5.34.1"
  dependencies:
    "@algolia/client-common" "5.34.1"

"@algolia/requester-fetch@5.34.1":
  "integrity" "sha512-YRbygPgGBEik5U593JvyjgxFjcsyZMR25eIQxNHvSQumdAzt5A4E4Idw3yXnwhrmMdjML54ZXT7EAjnTjWy8Xw=="
  "resolved" "https://mirrors.cloud.tencent.com/npm/@algolia/requester-fetch/-/requester-fetch-5.34.1.tgz"
  "version" "5.34.1"
  dependencies:
    "@algolia/client-common" "5.34.1"

"@algolia/requester-node-http@5.34.1":
  "integrity" "sha512-o0mqRYbS82Rt4DE02Od7RL6pNtV7oSxScPuIw8LW4aqO2V5eCF05Pry/SnUgcI/Vb2QCYC66hytBCqzyC/toZA=="
  "resolved" "https://mirrors.cloud.tencent.com/npm/@algolia/requester-node-http/-/requester-node-http-5.34.1.tgz"
  "version" "5.34.1"
  dependencies:
    "@algolia/client-common" "5.34.1"

"@babel/helper-string-parser@^7.27.1":
  "integrity" "sha512-qMlSxKbpRlAridDExk92nSobyDdpPijUq2DW6oDnUqd0iOGxmQjyqhMIihI9+zv4LPyZdRje2cavWPbCbWm3eA=="
  "resolved" "https://mirrors.cloud.tencent.com/npm/@babel/helper-string-parser/-/helper-string-parser-7.27.1.tgz"
  "version" "7.27.1"

"@babel/helper-validator-identifier@^7.27.1":
  "integrity" "sha512-D2hP9eA+Sqx1kBZgzxZh0y1trbuU+JoDkiEwqhQ36nodYqJwyEIhPSdMNd7lOm/4io72luTPWH20Yda0xOuUow=="
  "resolved" "https://mirrors.cloud.tencent.com/npm/@babel/helper-validator-identifier/-/helper-validator-identifier-7.27.1.tgz"
  "version" "7.27.1"

"@babel/parser@^7.28.0":
  "integrity" "sha512-jVZGvOxOuNSsuQuLRTh13nU0AogFlw32w/MT+LV6D3sP5WdbW61E77RnkbaO2dUvmPAYrBDJXGn5gGS6tH4j8g=="
  "resolved" "https://mirrors.cloud.tencent.com/npm/@babel/parser/-/parser-7.28.0.tgz"
  "version" "7.28.0"
  dependencies:
    "@babel/types" "^7.28.0"

"@babel/types@^7.28.0":
  "integrity" "sha512-ruv7Ae4J5dUYULmeXw1gmb7rYRz57OWCPM57pHojnLq/3Z1CK2lNSLTCVjxVk1F/TZHwOZZrOWi0ur95BbLxNQ=="
  "resolved" "https://mirrors.cloud.tencent.com/npm/@babel/types/-/types-7.28.2.tgz"
  "version" "7.28.2"
  dependencies:
    "@babel/helper-string-parser" "^7.27.1"
    "@babel/helper-validator-identifier" "^7.27.1"

"@docsearch/css@3.8.2":
  "integrity" "sha512-y05ayQFyUmCXze79+56v/4HpycYF3uFqB78pLPrSV5ZKAlDuIAAJNhaRi8tTdRNXh05yxX/TyNnzD6LwSM89vQ=="
  "resolved" "https://mirrors.cloud.tencent.com/npm/@docsearch/css/-/css-3.8.2.tgz"
  "version" "3.8.2"

"@docsearch/js@3.8.2":
  "integrity" "sha512-Q5wY66qHn0SwA7Taa0aDbHiJvaFJLOJyHmooQ7y8hlwwQLQ/5WwCcoX0g7ii04Qi2DJlHsd0XXzJ8Ypw9+9YmQ=="
  "resolved" "https://mirrors.cloud.tencent.com/npm/@docsearch/js/-/js-3.8.2.tgz"
  "version" "3.8.2"
  dependencies:
    "@docsearch/react" "3.8.2"
    "preact" "^10.0.0"

"@docsearch/react@3.8.2":
  "integrity" "sha512-xCRrJQlTt8N9GU0DG4ptwHRkfnSnD/YpdeaXe02iKfqs97TkZJv60yE+1eq/tjPcVnTW8dP5qLP7itifFVV5eg=="
  "resolved" "https://mirrors.cloud.tencent.com/npm/@docsearch/react/-/react-3.8.2.tgz"
  "version" "3.8.2"
  dependencies:
    "@algolia/autocomplete-core" "1.17.7"
    "@algolia/autocomplete-preset-algolia" "1.17.7"
    "@docsearch/css" "3.8.2"
    "algoliasearch" "^5.14.2"

"@esbuild/darwin-arm64@0.21.5":
  "integrity" "sha512-DwqXqZyuk5AiWWf3UfLiRDJ5EDd49zg6O9wclZ7kUMv2WRFr4HKjXp/5t8JZ11QbQfUS6/cRCKGwYhtNAY88kQ=="
  "resolved" "https://mirrors.cloud.tencent.com/npm/@esbuild/darwin-arm64/-/darwin-arm64-0.21.5.tgz"
  "version" "0.21.5"

"@iconify-json/simple-icons@^1.2.21":
  "integrity" "sha512-CdWgSPygwDlDbKtDWjvi3NtUefnkoepXv90n3dQxJerqzD9kI+nEJOiWUBM+eOyMYQKtxBpLWFBrgeotF0IZKw=="
  "resolved" "https://mirrors.cloud.tencent.com/npm/@iconify-json/simple-icons/-/simple-icons-1.2.44.tgz"
  "version" "1.2.44"
  dependencies:
    "@iconify/types" "*"

"@iconify/types@*":
  "integrity" "sha512-+wluvCrRhXrhyOmRDJ3q8mux9JkKy5SJ/v8ol2tu4FVjyYvtEzkc/3pK15ET6RKg4b4w4BmTk1+gsCUhf21Ykg=="
  "resolved" "https://mirrors.cloud.tencent.com/npm/@iconify/types/-/types-2.0.0.tgz"
  "version" "2.0.0"

"@jridgewell/sourcemap-codec@^1.5.0":
  "integrity" "sha512-VT2+G1VQs/9oz078bLrYbecdZKs912zQlkelYpuf+SXF+QvZDYJlbx/LSx+meSAwdDFnF8FVXW92AVjjkVmgFw=="
  "resolved" "https://mirrors.cloud.tencent.com/npm/@jridgewell/sourcemap-codec/-/sourcemap-codec-1.5.4.tgz"
  "version" "1.5.4"

"@rollup/rollup-darwin-arm64@4.46.1":
  "integrity" "sha512-EFYNNGij2WllnzljQDQnlFTXzSJw87cpAs4TVBAWLdkvic5Uh5tISrIL6NRcxoh/b2EFBG/TK8hgRrGx94zD4A=="
  "resolved" "https://mirrors.cloud.tencent.com/npm/@rollup/rollup-darwin-arm64/-/rollup-darwin-arm64-4.46.1.tgz"
  "version" "4.46.1"

"@shikijs/core@^2.1.0", "@shikijs/core@2.5.0":
  "integrity" "sha512-uu/8RExTKtavlpH7XqnVYBrfBkUc20ngXiX9NSrBhOVZYv/7XQRKUyhtkeflY5QsxC0GbJThCerruZfsUaSldg=="
  "resolved" "https://mirrors.cloud.tencent.com/npm/@shikijs/core/-/core-2.5.0.tgz"
  "version" "2.5.0"
  dependencies:
    "@shikijs/engine-javascript" "2.5.0"
    "@shikijs/engine-oniguruma" "2.5.0"
    "@shikijs/types" "2.5.0"
    "@shikijs/vscode-textmate" "^10.0.2"
    "@types/hast" "^3.0.4"
    "hast-util-to-html" "^9.0.4"

"@shikijs/engine-javascript@2.5.0":
  "integrity" "sha512-VjnOpnQf8WuCEZtNUdjjwGUbtAVKuZkVQ/5cHy/tojVVRIRtlWMYVjyWhxOmIq05AlSOv72z7hRNRGVBgQOl0w=="
  "resolved" "https://mirrors.cloud.tencent.com/npm/@shikijs/engine-javascript/-/engine-javascript-2.5.0.tgz"
  "version" "2.5.0"
  dependencies:
    "@shikijs/types" "2.5.0"
    "@shikijs/vscode-textmate" "^10.0.2"
    "oniguruma-to-es" "^3.1.0"

"@shikijs/engine-oniguruma@2.5.0":
  "integrity" "sha512-pGd1wRATzbo/uatrCIILlAdFVKdxImWJGQ5rFiB5VZi2ve5xj3Ax9jny8QvkaV93btQEwR/rSz5ERFpC5mKNIw=="
  "resolved" "https://mirrors.cloud.tencent.com/npm/@shikijs/engine-oniguruma/-/engine-oniguruma-2.5.0.tgz"
  "version" "2.5.0"
  dependencies:
    "@shikijs/types" "2.5.0"
    "@shikijs/vscode-textmate" "^10.0.2"

"@shikijs/langs@2.5.0":
  "integrity" "sha512-Qfrrt5OsNH5R+5tJ/3uYBBZv3SuGmnRPejV9IlIbFH3HTGLDlkqgHymAlzklVmKBjAaVmkPkyikAV/sQ1wSL+w=="
  "resolved" "https://mirrors.cloud.tencent.com/npm/@shikijs/langs/-/langs-2.5.0.tgz"
  "version" "2.5.0"
  dependencies:
    "@shikijs/types" "2.5.0"

"@shikijs/themes@2.5.0":
  "integrity" "sha512-wGrk+R8tJnO0VMzmUExHR+QdSaPUl/NKs+a4cQQRWyoc3YFbUzuLEi/KWK1hj+8BfHRKm2jNhhJck1dfstJpiw=="
  "resolved" "https://mirrors.cloud.tencent.com/npm/@shikijs/themes/-/themes-2.5.0.tgz"
  "version" "2.5.0"
  dependencies:
    "@shikijs/types" "2.5.0"

"@shikijs/transformers@^2.1.0":
  "integrity" "sha512-SI494W5X60CaUwgi8u4q4m4s3YAFSxln3tzNjOSYqq54wlVgz0/NbbXEb3mdLbqMBztcmS7bVTaEd2w0qMmfeg=="
  "resolved" "https://mirrors.cloud.tencent.com/npm/@shikijs/transformers/-/transformers-2.5.0.tgz"
  "version" "2.5.0"
  dependencies:
    "@shikijs/core" "2.5.0"
    "@shikijs/types" "2.5.0"

"@shikijs/types@^2.1.0", "@shikijs/types@2.5.0":
  "integrity" "sha512-ygl5yhxki9ZLNuNpPitBWvcy9fsSKKaRuO4BAlMyagszQidxcpLAr0qiW/q43DtSIDxO6hEbtYLiFZNXO/hdGw=="
  "resolved" "https://mirrors.cloud.tencent.com/npm/@shikijs/types/-/types-2.5.0.tgz"
  "version" "2.5.0"
  dependencies:
    "@shikijs/vscode-textmate" "^10.0.2"
    "@types/hast" "^3.0.4"

"@shikijs/vscode-textmate@^10.0.2":
  "integrity" "sha512-83yeghZ2xxin3Nj8z1NMd/NCuca+gsYXswywDy5bHvwlWL8tpTQmzGeUuHd9FC3E/SBEMvzJRwWEOz5gGes9Qg=="
  "resolved" "https://mirrors.cloud.tencent.com/npm/@shikijs/vscode-textmate/-/vscode-textmate-10.0.2.tgz"
  "version" "10.0.2"

"@types/estree@1.0.8":
  "integrity" "sha512-dWHzHa2WqEXI/O1E9OjrocMTKJl2mSrEolh1Iomrv6U+JuNwaHXsXx9bLu5gG7BUWFIN0skIQJQ/L1rIex4X6w=="
  "resolved" "https://mirrors.cloud.tencent.com/npm/@types/estree/-/estree-1.0.8.tgz"
  "version" "1.0.8"

"@types/hast@^3.0.0", "@types/hast@^3.0.4":
  "integrity" "sha512-WPs+bbQw5aCj+x6laNGWLH3wviHtoCv/P3+otBhbOhJgG8qtpdAMlTCxLtsTWA7LH1Oh/bFCHsBn0TPS5m30EQ=="
  "resolved" "https://mirrors.cloud.tencent.com/npm/@types/hast/-/hast-3.0.4.tgz"
  "version" "3.0.4"
  dependencies:
    "@types/unist" "*"

"@types/linkify-it@^5":
  "integrity" "sha512-sVDA58zAw4eWAffKOaQH5/5j3XeayukzDk+ewSsnv3p4yJEZHCCzMDiZM8e0OUrRvmpGZ85jf4yDHkHsgBNr9Q=="
  "resolved" "https://mirrors.cloud.tencent.com/npm/@types/linkify-it/-/linkify-it-5.0.0.tgz"
  "version" "5.0.0"

"@types/markdown-it@^14.1.2":
  "integrity" "sha512-promo4eFwuiW+TfGxhi+0x3czqTYJkG8qB17ZUJiVF10Xm7NLVRSLUsfRTU/6h1e24VvRnXCx+hG7li58lkzog=="
  "resolved" "https://mirrors.cloud.tencent.com/npm/@types/markdown-it/-/markdown-it-14.1.2.tgz"
  "version" "14.1.2"
  dependencies:
    "@types/linkify-it" "^5"
    "@types/mdurl" "^2"

"@types/mdast@^4.0.0":
  "integrity" "sha512-kGaNbPh1k7AFzgpud/gMdvIm5xuECykRR+JnWKQno9TAXVa6WIVCGTPvYGekIDL4uwCZQSYbUxNBSb1aUo79oA=="
  "resolved" "https://mirrors.cloud.tencent.com/npm/@types/mdast/-/mdast-4.0.4.tgz"
  "version" "4.0.4"
  dependencies:
    "@types/unist" "*"

"@types/mdurl@^2":
  "integrity" "sha512-RGdgjQUZba5p6QEFAVx2OGb8rQDL/cPRG7GiedRzMcJ1tYnUANBncjbSB1NRGwbvjcPeikRABz2nshyPk1bhWg=="
  "resolved" "https://mirrors.cloud.tencent.com/npm/@types/mdurl/-/mdurl-2.0.0.tgz"
  "version" "2.0.0"

"@types/unist@*", "@types/unist@^3.0.0":
  "integrity" "sha512-ko/gIFJRv177XgZsZcBwnqJN5x/Gien8qNOn0D5bQU/zAzVf9Zt3BlcUiLqhV9y4ARk0GbT3tnUiPNgnTXzc/Q=="
  "resolved" "https://mirrors.cloud.tencent.com/npm/@types/unist/-/unist-3.0.3.tgz"
  "version" "3.0.3"

"@types/web-bluetooth@^0.0.21":
  "integrity" "sha512-oIQLCGWtcFZy2JW77j9k8nHzAOpqMHLQejDA48XXMWH6tjCQHz5RCFz1bzsmROyL6PUm+LLnUiI4BCn221inxA=="
  "resolved" "https://mirrors.cloud.tencent.com/npm/@types/web-bluetooth/-/web-bluetooth-0.0.21.tgz"
  "version" "0.0.21"

"@ungap/structured-clone@^1.0.0":
  "integrity" "sha512-WmoN8qaIAo7WTYWbAZuG8PYEhn5fkz7dZrqTBZ7dtt//lL2Gwms1IcnQ5yHqjDfX8Ft5j4YzDM23f87zBfDe9g=="
  "resolved" "https://mirrors.cloud.tencent.com/npm/@ungap/structured-clone/-/structured-clone-1.3.0.tgz"
  "version" "1.3.0"

"@vitejs/plugin-vue@^5.2.1":
  "integrity" "sha512-7Yx/SXSOcQq5HiiV3orevHUFn+pmMB4cgbEkDYgnkUWb0WfeQ/wa2yFv6D5ICiCQOVpjA7vYDXrC7AGO8yjDHA=="
  "resolved" "https://mirrors.cloud.tencent.com/npm/@vitejs/plugin-vue/-/plugin-vue-5.2.4.tgz"
  "version" "5.2.4"

"@vue/compiler-core@3.5.18":
  "integrity" "sha512-3slwjQrrV1TO8MoXgy3aynDQ7lslj5UqDxuHnrzHtpON5CBinhWjJETciPngpin/T3OuW3tXUf86tEurusnztw=="
  "resolved" "https://mirrors.cloud.tencent.com/npm/@vue/compiler-core/-/compiler-core-3.5.18.tgz"
  "version" "3.5.18"
  dependencies:
    "@babel/parser" "^7.28.0"
    "@vue/shared" "3.5.18"
    "entities" "^4.5.0"
    "estree-walker" "^2.0.2"
    "source-map-js" "^1.2.1"

"@vue/compiler-dom@3.5.18":
  "integrity" "sha512-RMbU6NTU70++B1JyVJbNbeFkK+A+Q7y9XKE2EM4NLGm2WFR8x9MbAtWxPPLdm0wUkuZv9trpwfSlL6tjdIa1+A=="
  "resolved" "https://mirrors.cloud.tencent.com/npm/@vue/compiler-dom/-/compiler-dom-3.5.18.tgz"
  "version" "3.5.18"
  dependencies:
    "@vue/compiler-core" "3.5.18"
    "@vue/shared" "3.5.18"

"@vue/compiler-sfc@3.5.18":
  "integrity" "sha512-5aBjvGqsWs+MoxswZPoTB9nSDb3dhd1x30xrrltKujlCxo48j8HGDNj3QPhF4VIS0VQDUrA1xUfp2hEa+FNyXA=="
  "resolved" "https://mirrors.cloud.tencent.com/npm/@vue/compiler-sfc/-/compiler-sfc-3.5.18.tgz"
  "version" "3.5.18"
  dependencies:
    "@babel/parser" "^7.28.0"
    "@vue/compiler-core" "3.5.18"
    "@vue/compiler-dom" "3.5.18"
    "@vue/compiler-ssr" "3.5.18"
    "@vue/shared" "3.5.18"
    "estree-walker" "^2.0.2"
    "magic-string" "^0.30.17"
    "postcss" "^8.5.6"
    "source-map-js" "^1.2.1"

"@vue/compiler-ssr@3.5.18":
  "integrity" "sha512-xM16Ak7rSWHkM3m22NlmcdIM+K4BMyFARAfV9hYFl+SFuRzrZ3uGMNW05kA5pmeMa0X9X963Kgou7ufdbpOP9g=="
  "resolved" "https://mirrors.cloud.tencent.com/npm/@vue/compiler-ssr/-/compiler-ssr-3.5.18.tgz"
  "version" "3.5.18"
  dependencies:
    "@vue/compiler-dom" "3.5.18"
    "@vue/shared" "3.5.18"

"@vue/devtools-api@^7.7.0":
  "integrity" "sha512-lwOnNBH2e7x1fIIbVT7yF5D+YWhqELm55/4ZKf45R9T8r9dE2AIOy8HKjfqzGsoTHFbWbr337O4E0A0QADnjBg=="
  "resolved" "https://mirrors.cloud.tencent.com/npm/@vue/devtools-api/-/devtools-api-7.7.7.tgz"
  "version" "7.7.7"
  dependencies:
    "@vue/devtools-kit" "^7.7.7"

"@vue/devtools-kit@^7.7.7":
  "integrity" "sha512-wgoZtxcTta65cnZ1Q6MbAfePVFxfM+gq0saaeytoph7nEa7yMXoi6sCPy4ufO111B9msnw0VOWjPEFCXuAKRHA=="
  "resolved" "https://mirrors.cloud.tencent.com/npm/@vue/devtools-kit/-/devtools-kit-7.7.7.tgz"
  "version" "7.7.7"
  dependencies:
    "@vue/devtools-shared" "^7.7.7"
    "birpc" "^2.3.0"
    "hookable" "^5.5.3"
    "mitt" "^3.0.1"
    "perfect-debounce" "^1.0.0"
    "speakingurl" "^14.0.1"
    "superjson" "^2.2.2"

"@vue/devtools-shared@^7.7.7":
  "integrity" "sha512-+udSj47aRl5aKb0memBvcUG9koarqnxNM5yjuREvqwK6T3ap4mn3Zqqc17QrBFTqSMjr3HK1cvStEZpMDpfdyw=="
  "resolved" "https://mirrors.cloud.tencent.com/npm/@vue/devtools-shared/-/devtools-shared-7.7.7.tgz"
  "version" "7.7.7"
  dependencies:
    "rfdc" "^1.4.1"

"@vue/reactivity@3.5.18":
  "integrity" "sha512-x0vPO5Imw+3sChLM5Y+B6G1zPjwdOri9e8V21NnTnlEvkxatHEH5B5KEAJcjuzQ7BsjGrKtfzuQ5eQwXh8HXBg=="
  "resolved" "https://mirrors.cloud.tencent.com/npm/@vue/reactivity/-/reactivity-3.5.18.tgz"
  "version" "3.5.18"
  dependencies:
    "@vue/shared" "3.5.18"

"@vue/runtime-core@3.5.18":
  "integrity" "sha512-DUpHa1HpeOQEt6+3nheUfqVXRog2kivkXHUhoqJiKR33SO4x+a5uNOMkV487WPerQkL0vUuRvq/7JhRgLW3S+w=="
  "resolved" "https://mirrors.cloud.tencent.com/npm/@vue/runtime-core/-/runtime-core-3.5.18.tgz"
  "version" "3.5.18"
  dependencies:
    "@vue/reactivity" "3.5.18"
    "@vue/shared" "3.5.18"

"@vue/runtime-dom@3.5.18":
  "integrity" "sha512-YwDj71iV05j4RnzZnZtGaXwPoUWeRsqinblgVJwR8XTXYZ9D5PbahHQgsbmzUvCWNF6x7siQ89HgnX5eWkr3mw=="
  "resolved" "https://mirrors.cloud.tencent.com/npm/@vue/runtime-dom/-/runtime-dom-3.5.18.tgz"
  "version" "3.5.18"
  dependencies:
    "@vue/reactivity" "3.5.18"
    "@vue/runtime-core" "3.5.18"
    "@vue/shared" "3.5.18"
    "csstype" "^3.1.3"

"@vue/server-renderer@3.5.18":
  "integrity" "sha512-PvIHLUoWgSbDG7zLHqSqaCoZvHi6NNmfVFOqO+OnwvqMz/tqQr3FuGWS8ufluNddk7ZLBJYMrjcw1c6XzR12mA=="
  "resolved" "https://mirrors.cloud.tencent.com/npm/@vue/server-renderer/-/server-renderer-3.5.18.tgz"
  "version" "3.5.18"
  dependencies:
    "@vue/compiler-ssr" "3.5.18"
    "@vue/shared" "3.5.18"

"@vue/shared@^3.5.13", "@vue/shared@3.5.18":
  "integrity" "sha512-cZy8Dq+uuIXbxCZpuLd2GJdeSO/lIzIspC2WtkqIpje5QyFbvLaI5wZtdUjLHjGZrlVX6GilejatWwVYYRc8tA=="
  "resolved" "https://mirrors.cloud.tencent.com/npm/@vue/shared/-/shared-3.5.18.tgz"
  "version" "3.5.18"

"@vueuse/core@^12.4.0", "@vueuse/core@12.8.2":
  "integrity" "sha512-HbvCmZdzAu3VGi/pWYm5Ut+Kd9mn1ZHnn4L5G8kOQTPs/IwIAmJoBrmYk2ckLArgMXZj0AW3n5CAejLUO+PhdQ=="
  "resolved" "https://mirrors.cloud.tencent.com/npm/@vueuse/core/-/core-12.8.2.tgz"
  "version" "12.8.2"
  dependencies:
    "@types/web-bluetooth" "^0.0.21"
    "@vueuse/metadata" "12.8.2"
    "@vueuse/shared" "12.8.2"
    "vue" "^3.5.13"

"@vueuse/integrations@^12.4.0":
  "integrity" "sha512-fbGYivgK5uBTRt7p5F3zy6VrETlV9RtZjBqd1/HxGdjdckBgBM4ugP8LHpjolqTj14TXTxSK1ZfgPbHYyGuH7g=="
  "resolved" "https://mirrors.cloud.tencent.com/npm/@vueuse/integrations/-/integrations-12.8.2.tgz"
  "version" "12.8.2"
  dependencies:
    "@vueuse/core" "12.8.2"
    "@vueuse/shared" "12.8.2"
    "vue" "^3.5.13"

"@vueuse/metadata@12.8.2":
  "integrity" "sha512-rAyLGEuoBJ/Il5AmFHiziCPdQzRt88VxR+Y/A/QhJ1EWtWqPBBAxTAFaSkviwEuOEZNtW8pvkPgoCZQ+HxqW1A=="
  "resolved" "https://mirrors.cloud.tencent.com/npm/@vueuse/metadata/-/metadata-12.8.2.tgz"
  "version" "12.8.2"

"@vueuse/shared@12.8.2":
  "integrity" "sha512-dznP38YzxZoNloI0qpEfpkms8knDtaoQ6Y/sfS0L7Yki4zh40LFHEhur0odJC6xTHG5dxWVPiUWBXn+wCG2s5w=="
  "resolved" "https://mirrors.cloud.tencent.com/npm/@vueuse/shared/-/shared-12.8.2.tgz"
  "version" "12.8.2"
  dependencies:
    "vue" "^3.5.13"

"algoliasearch@^5.14.2", "algoliasearch@>= 4.9.1 < 6":
  "integrity" "sha512-s70HlfBgswgEdmCYkUJG8i/ULYhbkk8N9+N8JsWUwszcp7eauPEr5tIX4BY0qDGeKWQ/qZvmt4mxwTusYY23sg=="
  "resolved" "https://mirrors.cloud.tencent.com/npm/algoliasearch/-/algoliasearch-5.34.1.tgz"
  "version" "5.34.1"
  dependencies:
    "@algolia/client-abtesting" "5.34.1"
    "@algolia/client-analytics" "5.34.1"
    "@algolia/client-common" "5.34.1"
    "@algolia/client-insights" "5.34.1"
    "@algolia/client-personalization" "5.34.1"
    "@algolia/client-query-suggestions" "5.34.1"
    "@algolia/client-search" "5.34.1"
    "@algolia/ingestion" "1.34.1"
    "@algolia/monitoring" "1.34.1"
    "@algolia/recommend" "5.34.1"
    "@algolia/requester-browser-xhr" "5.34.1"
    "@algolia/requester-fetch" "5.34.1"
    "@algolia/requester-node-http" "5.34.1"

"birpc@^2.3.0":
  "integrity" "sha512-VSWO/W6nNQdyP520F1mhf+Lc2f8pjGQOtoHHm7Ze8Go1kX7akpVIrtTa0fn+HB0QJEDVacl6aO08YE0PgXfdnQ=="
  "resolved" "https://mirrors.cloud.tencent.com/npm/birpc/-/birpc-2.5.0.tgz"
  "version" "2.5.0"

"ccount@^2.0.0":
  "integrity" "sha512-eyrF0jiFpY+3drT6383f1qhkbGsLSifNAjA61IUjZjmLCWjItY6LB9ft9YhoDgwfmclB2zhu51Lc7+95b8NRAg=="
  "resolved" "https://mirrors.cloud.tencent.com/npm/ccount/-/ccount-2.0.1.tgz"
  "version" "2.0.1"

"character-entities-html4@^2.0.0":
  "integrity" "sha512-1v7fgQRj6hnSwFpq1Eu0ynr/CDEw0rXo2B61qXrLNdHZmPKgb7fqS1a2JwF0rISo9q77jDI8VMEHoApn8qDoZA=="
  "resolved" "https://mirrors.cloud.tencent.com/npm/character-entities-html4/-/character-entities-html4-2.1.0.tgz"
  "version" "2.1.0"

"character-entities-legacy@^3.0.0":
  "integrity" "sha512-RpPp0asT/6ufRm//AJVwpViZbGM/MkjQFxJccQRHmISF/22NBtsHqAWmL+/pmkPWoIUJdWyeVleTl1wydHATVQ=="
  "resolved" "https://mirrors.cloud.tencent.com/npm/character-entities-legacy/-/character-entities-legacy-3.0.0.tgz"
  "version" "3.0.0"

"comlink@^4.4.2":
  "integrity" "sha512-OxGdvBmJuNKSCMO4NTl1L47VRp6xn2wG4F/2hYzB6tiCb709otOxtEYCSvK80PtjODfXXZu8ds+Nw5kVCjqd2g=="
  "resolved" "https://mirrors.cloud.tencent.com/npm/comlink/-/comlink-4.4.2.tgz"
  "version" "4.4.2"

"comma-separated-tokens@^2.0.0":
  "integrity" "sha512-Fu4hJdvzeylCfQPp9SGWidpzrMs7tTrlu6Vb8XGaRGck8QSNZJJp538Wrb60Lax4fPwR64ViY468OIUTbRlGZg=="
  "resolved" "https://mirrors.cloud.tencent.com/npm/comma-separated-tokens/-/comma-separated-tokens-2.0.3.tgz"
  "version" "2.0.3"

"construct-style-sheets-polyfill@3.0.1":
  "integrity" "sha512-vyAiTcS3i29IxjzJ12K2MGUUBYgrF69p6fKD+8ZPRLFhwTtuaxXLpazl4Yw4FITsQXwUMrh8juI1bOHWYjzkwA=="
  "resolved" "https://mirrors.cloud.tencent.com/npm/construct-style-sheets-polyfill/-/construct-style-sheets-polyfill-3.0.1.tgz"
  "version" "3.0.1"

"copy-anything@^3.0.2":
  "integrity" "sha512-yCEafptTtb4bk7GLEQoM8KVJpxAfdBJYaXyzQEgQQQgYrZiDp8SJmGKlYza6CYjEDNstAdNdKA3UuoULlEbS6w=="
  "resolved" "https://mirrors.cloud.tencent.com/npm/copy-anything/-/copy-anything-3.0.5.tgz"
  "version" "3.0.5"
  dependencies:
    "is-what" "^4.1.8"

"csstype@^3.1.3":
  "integrity" "sha512-M1uQkMl8rQK/szD0LNhtqxIPLpimGm8sOBwU7lLnCpSbTyY3yeU1Vc7l4KT5zT4s/yOxHH5O7tIuuLOCnLADRw=="
  "resolved" "https://mirrors.cloud.tencent.com/npm/csstype/-/csstype-3.1.3.tgz"
  "version" "3.1.3"

"dequal@^2.0.0":
  "integrity" "sha512-0je+qPKHEMohvfRTCEo3CrPG6cAzAYgmzKyxRiYSSDkS6eGJdyVJm7WaYA5ECaAD9wLB2T4EEeymA5aFVcYXCA=="
  "resolved" "https://mirrors.cloud.tencent.com/npm/dequal/-/dequal-2.0.3.tgz"
  "version" "2.0.3"

"devlop@^1.0.0":
  "integrity" "sha512-RWmIqhcFf1lRYBvNmr7qTNuyCt/7/ns2jbpp1+PalgE/rDQcBT0fioSMUpJ93irlUhC5hrg4cYqe6U+0ImW0rA=="
  "resolved" "https://mirrors.cloud.tencent.com/npm/devlop/-/devlop-1.1.0.tgz"
  "version" "1.1.0"
  dependencies:
    "dequal" "^2.0.0"

"emoji-regex-xs@^1.0.0":
  "integrity" "sha512-LRlerrMYoIDrT6jgpeZ2YYl/L8EulRTt5hQcYjy5AInh7HWXKimpqx68aknBFpGL2+/IcogTcaydJEgaTmOpDg=="
  "resolved" "https://mirrors.cloud.tencent.com/npm/emoji-regex-xs/-/emoji-regex-xs-1.0.0.tgz"
  "version" "1.0.0"

"entities@^4.5.0":
  "integrity" "sha512-V0hjH4dGPh9Ao5p0MoRY6BVqtwCjhz6vI5LT8AJ55H+4g9/4vbHx1I54fS0XuclLhDHArPQCiMjDxjaL8fPxhw=="
  "resolved" "https://mirrors.cloud.tencent.com/npm/entities/-/entities-4.5.0.tgz"
  "version" "4.5.0"

"esbuild@^0.21.3":
  "integrity" "sha512-mg3OPMV4hXywwpoDxu3Qda5xCKQi+vCTZq8S9J/EpkhB2HzKXq4SNFZE3+NK93JYxc8VMSep+lOUSC/RVKaBqw=="
  "resolved" "https://mirrors.cloud.tencent.com/npm/esbuild/-/esbuild-0.21.5.tgz"
  "version" "0.21.5"
  optionalDependencies:
    "@esbuild/aix-ppc64" "0.21.5"
    "@esbuild/android-arm" "0.21.5"
    "@esbuild/android-arm64" "0.21.5"
    "@esbuild/android-x64" "0.21.5"
    "@esbuild/darwin-arm64" "0.21.5"
    "@esbuild/darwin-x64" "0.21.5"
    "@esbuild/freebsd-arm64" "0.21.5"
    "@esbuild/freebsd-x64" "0.21.5"
    "@esbuild/linux-arm" "0.21.5"
    "@esbuild/linux-arm64" "0.21.5"
    "@esbuild/linux-ia32" "0.21.5"
    "@esbuild/linux-loong64" "0.21.5"
    "@esbuild/linux-mips64el" "0.21.5"
    "@esbuild/linux-ppc64" "0.21.5"
    "@esbuild/linux-riscv64" "0.21.5"
    "@esbuild/linux-s390x" "0.21.5"
    "@esbuild/linux-x64" "0.21.5"
    "@esbuild/netbsd-x64" "0.21.5"
    "@esbuild/openbsd-x64" "0.21.5"
    "@esbuild/sunos-x64" "0.21.5"
    "@esbuild/win32-arm64" "0.21.5"
    "@esbuild/win32-ia32" "0.21.5"
    "@esbuild/win32-x64" "0.21.5"

"estree-walker@^2.0.2":
  "integrity" "sha512-Rfkk/Mp/DL7JVje3u18FxFujQlTNR2q6QfMSMB7AvCBx91NGj/ba3kCfza0f6dVDbw7YlRf/nDrn7pQrCCyQ/w=="
  "resolved" "https://mirrors.cloud.tencent.com/npm/estree-walker/-/estree-walker-2.0.2.tgz"
  "version" "2.0.2"

"focus-trap@^7", "focus-trap@^7.6.4":
  "integrity" "sha512-7Ke1jyybbbPZyZXFxEftUtxFGLMpE2n6A+z//m4CRDlj0hW+o3iYSmh8nFlYMurOiJVDmJRilUQtJr08KfIxlg=="
  "resolved" "https://mirrors.cloud.tencent.com/npm/focus-trap/-/focus-trap-7.6.5.tgz"
  "version" "7.6.5"
  dependencies:
    "tabbable" "^6.2.0"

"fsevents@~2.3.2", "fsevents@~2.3.3":
  "integrity" "sha512-5xoDfX+fL7faATnagmWPpbFtwh/R77WmMMqqHGS65C3vvB0YHrgF+B1YmZ3441tMj5n63k0212XNoJwzlhffQw=="
  "resolved" "https://mirrors.cloud.tencent.com/npm/fsevents/-/fsevents-2.3.3.tgz"
  "version" "2.3.3"

"hast-util-to-html@^9.0.4":
  "integrity" "sha512-OguPdidb+fbHQSU4Q4ZiLKnzWo8Wwsf5bZfbvu7//a9oTYoqD/fWpe96NuHkoS9h0ccGOTe0C4NGXdtS0iObOw=="
  "resolved" "https://mirrors.cloud.tencent.com/npm/hast-util-to-html/-/hast-util-to-html-9.0.5.tgz"
  "version" "9.0.5"
  dependencies:
    "@types/hast" "^3.0.0"
    "@types/unist" "^3.0.0"
    "ccount" "^2.0.0"
    "comma-separated-tokens" "^2.0.0"
    "hast-util-whitespace" "^3.0.0"
    "html-void-elements" "^3.0.0"
    "mdast-util-to-hast" "^13.0.0"
    "property-information" "^7.0.0"
    "space-separated-tokens" "^2.0.0"
    "stringify-entities" "^4.0.0"
    "zwitch" "^2.0.4"

"hast-util-whitespace@^3.0.0":
  "integrity" "sha512-88JUN06ipLwsnv+dVn+OIYOvAuvBMy/Qoi6O7mQHxdPXpjy+Cd6xRkWwux7DKO+4sYILtLBRIKgsdpS2gQc7qw=="
  "resolved" "https://mirrors.cloud.tencent.com/npm/hast-util-whitespace/-/hast-util-whitespace-3.0.0.tgz"
  "version" "3.0.0"
  dependencies:
    "@types/hast" "^3.0.0"

"hookable@^5.5.3":
  "integrity" "sha512-Yc+BQe8SvoXH1643Qez1zqLRmbA5rCL+sSmk6TVos0LWVfNIB7PGncdlId77WzLGSIB5KaWgTaNTs2lNVEI6VQ=="
  "resolved" "https://mirrors.cloud.tencent.com/npm/hookable/-/hookable-5.5.3.tgz"
  "version" "5.5.3"

"html-void-elements@^3.0.0":
  "integrity" "sha512-bEqo66MRXsUGxWHV5IP0PUiAWwoEjba4VCzg0LjFJBpchPaTfyfCKTG6bc5F8ucKec3q5y6qOdGyYTSBEvhCrg=="
  "resolved" "https://mirrors.cloud.tencent.com/npm/html-void-elements/-/html-void-elements-3.0.0.tgz"
  "version" "3.0.0"

"is-what@^4.1.8":
  "integrity" "sha512-ZhMwEosbFJkA0YhFnNDgTM4ZxDRsS6HqTo7qsZM08fehyRYIYa0yHu5R6mgo1n/8MgaPBXiPimPD77baVFYg+A=="
  "resolved" "https://mirrors.cloud.tencent.com/npm/is-what/-/is-what-4.1.16.tgz"
  "version" "4.1.16"

"magic-string@^0.30.17":
  "integrity" "sha512-sNPKHvyjVf7gyjwS4xGTaW/mCnF8wnjtifKBEhxfZ7E/S8tQ0rssrwGNn6q8JH/ohItJfSQp9mBtQYuTlH5QnA=="
  "resolved" "https://mirrors.cloud.tencent.com/npm/magic-string/-/magic-string-0.30.17.tgz"
  "version" "0.30.17"
  dependencies:
    "@jridgewell/sourcemap-codec" "^1.5.0"

"mark.js@8.11.1":
  "integrity" "sha512-1I+1qpDt4idfgLQG+BNWmrqku+7/2bi5nLf4YwF8y8zXvmfiTBY3PV3ZibfrjBueCByROpuBjLLFCajqkgYoLQ=="
  "resolved" "https://mirrors.cloud.tencent.com/npm/mark.js/-/mark.js-8.11.1.tgz"
  "version" "8.11.1"

"mdast-util-to-hast@^13.0.0":
  "integrity" "sha512-QGYKEuUsYT9ykKBCMOEDLsU5JRObWQusAolFMeko/tYPufNkRffBAQjIE+99jbA87xv6FgmjLtwjh9wBWajwAA=="
  "resolved" "https://mirrors.cloud.tencent.com/npm/mdast-util-to-hast/-/mdast-util-to-hast-13.2.0.tgz"
  "version" "13.2.0"
  dependencies:
    "@types/hast" "^3.0.0"
    "@types/mdast" "^4.0.0"
    "@ungap/structured-clone" "^1.0.0"
    "devlop" "^1.0.0"
    "micromark-util-sanitize-uri" "^2.0.0"
    "trim-lines" "^3.0.0"
    "unist-util-position" "^5.0.0"
    "unist-util-visit" "^5.0.0"
    "vfile" "^6.0.0"

"micromark-util-character@^2.0.0":
  "integrity" "sha512-wv8tdUTJ3thSFFFJKtpYKOYiGP2+v96Hvk4Tu8KpCAsTMs6yi+nVmGh1syvSCsaxz45J6Jbw+9DD6g97+NV67Q=="
  "resolved" "https://mirrors.cloud.tencent.com/npm/micromark-util-character/-/micromark-util-character-2.1.1.tgz"
  "version" "2.1.1"
  dependencies:
    "micromark-util-symbol" "^2.0.0"
    "micromark-util-types" "^2.0.0"

"micromark-util-encode@^2.0.0":
  "integrity" "sha512-c3cVx2y4KqUnwopcO9b/SCdo2O67LwJJ/UyqGfbigahfegL9myoEFoDYZgkT7f36T0bLrM9hZTAaAyH+PCAXjw=="
  "resolved" "https://mirrors.cloud.tencent.com/npm/micromark-util-encode/-/micromark-util-encode-2.0.1.tgz"
  "version" "2.0.1"

"micromark-util-sanitize-uri@^2.0.0":
  "integrity" "sha512-9N9IomZ/YuGGZZmQec1MbgxtlgougxTodVwDzzEouPKo3qFWvymFHWcnDi2vzV1ff6kas9ucW+o3yzJK9YB1AQ=="
  "resolved" "https://mirrors.cloud.tencent.com/npm/micromark-util-sanitize-uri/-/micromark-util-sanitize-uri-2.0.1.tgz"
  "version" "2.0.1"
  dependencies:
    "micromark-util-character" "^2.0.0"
    "micromark-util-encode" "^2.0.0"
    "micromark-util-symbol" "^2.0.0"

"micromark-util-symbol@^2.0.0":
  "integrity" "sha512-vs5t8Apaud9N28kgCrRUdEed4UJ+wWNvicHLPxCa9ENlYuAY31M0ETy5y1vA33YoNPDFTghEbnh6efaE8h4x0Q=="
  "resolved" "https://mirrors.cloud.tencent.com/npm/micromark-util-symbol/-/micromark-util-symbol-2.0.1.tgz"
  "version" "2.0.1"

"micromark-util-types@^2.0.0":
  "integrity" "sha512-Yw0ECSpJoViF1qTU4DC6NwtC4aWGt1EkzaQB8KPPyCRR8z9TWeV0HbEFGTO+ZY1wB22zmxnJqhPyTpOVCpeHTA=="
  "resolved" "https://mirrors.cloud.tencent.com/npm/micromark-util-types/-/micromark-util-types-2.0.2.tgz"
  "version" "2.0.2"

"minisearch@^7.1.1":
  "integrity" "sha512-R1Pd9eF+MD5JYDDSPAp/q1ougKglm14uEkPMvQ/05RGmx6G9wvmLTrTI/Q5iPNJLYqNdsDQ7qTGIcNWR+FrHmA=="
  "resolved" "https://mirrors.cloud.tencent.com/npm/minisearch/-/minisearch-7.1.2.tgz"
  "version" "7.1.2"

"mitt@^3.0.1":
  "integrity" "sha512-vKivATfr97l2/QBCYAkXYDbrIWPM2IIKEl7YPhjCvKlG3kE2gm+uBo6nEXK3M5/Ffh/FLpKExzOQ3JJoJGFKBw=="
  "resolved" "https://mirrors.cloud.tencent.com/npm/mitt/-/mitt-3.0.1.tgz"
  "version" "3.0.1"

"nanoid@^3.3.11":
  "integrity" "sha512-N8SpfPUnUp1bK+PMYW8qSWdl9U+wwNWI4QKxOYDy9JAro3WMX7p2OeVRF9v+347pnakNevPmiHhNmZ2HbFA76w=="
  "resolved" "https://mirrors.cloud.tencent.com/npm/nanoid/-/nanoid-3.3.11.tgz"
  "version" "3.3.11"

"omi@^7.7.13":
  "integrity" "sha512-LA/rLhGE7PO/OVN9Mp4TG4YL3Dt5dERM9fsVyiPmE75CRCuyW7vVfrYK8Ee7EPbQuTycYRsfbrD1YBQytOY/jw=="
  "resolved" "https://mirrors.cloud.tencent.com/npm/omi/-/omi-7.7.13.tgz"
  "version" "7.7.13"
  dependencies:
    "construct-style-sheets-polyfill" "3.0.1"
    "reactive-signal" "^2.0.1"
    "weakmap-polyfill" "2.0.4"

"oniguruma-to-es@^3.1.0":
  "integrity" "sha512-bUH8SDvPkH3ho3dvwJwfonjlQ4R80vjyvrU8YpxuROddv55vAEJrTuCuCVUhhsHbtlD9tGGbaNApGQckXhS8iQ=="
  "resolved" "https://mirrors.cloud.tencent.com/npm/oniguruma-to-es/-/oniguruma-to-es-3.1.1.tgz"
  "version" "3.1.1"
  dependencies:
    "emoji-regex-xs" "^1.0.0"
    "regex" "^6.0.1"
    "regex-recursion" "^6.0.2"

"perfect-debounce@^1.0.0":
  "integrity" "sha512-xCy9V055GLEqoFaHoC1SoLIaLmWctgCUaBaWxDZ7/Zx4CTyX7cJQLJOok/orfjZAh9kEYpjJa4d0KcJmCbctZA=="
  "resolved" "https://mirrors.cloud.tencent.com/npm/perfect-debounce/-/perfect-debounce-1.0.0.tgz"
  "version" "1.0.0"

"picocolors@^1.1.1":
  "integrity" "sha512-xceH2snhtb5M9liqDsmEw56le376mTZkEX/jEb/RxNFyegNul7eNslCXP9FDj/Lcu0X8KEyMceP2ntpaHrDEVA=="
  "resolved" "https://mirrors.cloud.tencent.com/npm/picocolors/-/picocolors-1.1.1.tgz"
  "version" "1.1.1"

"postcss@^8", "postcss@^8.4.43", "postcss@^8.5.6":
  "integrity" "sha512-3Ybi1tAuwAP9s0r1UQ2J4n5Y0G05bJkpUIO0/bI9MhwmD70S5aTWbXGBwxHrelT+XM1k6dM0pk+SwNkpTRN7Pg=="
  "resolved" "https://mirrors.cloud.tencent.com/npm/postcss/-/postcss-8.5.6.tgz"
  "version" "8.5.6"
  dependencies:
    "nanoid" "^3.3.11"
    "picocolors" "^1.1.1"
    "source-map-js" "^1.2.1"

"preact@^10.0.0":
  "integrity" "sha512-SSjF9vcnF27mJK1XyFMNJzFd5u3pQiATFqoaDy03XuN00u4ziveVVEGt5RKJrDR8MHE/wJo9Nnad56RLzS2RMA=="
  "resolved" "https://mirrors.cloud.tencent.com/npm/preact/-/preact-10.26.9.tgz"
  "version" "10.26.9"

"property-information@^7.0.0":
  "integrity" "sha512-TwEZ+X+yCJmYfL7TPUOcvBZ4QfoT5YenQiJuX//0th53DE6w0xxLEtfK3iyryQFddXuvkIk51EEgrJQ0WJkOmQ=="
  "resolved" "https://mirrors.cloud.tencent.com/npm/property-information/-/property-information-7.1.0.tgz"
  "version" "7.1.0"

"reactive-signal@^2.0.1":
  "integrity" "sha512-c+avHi2L+sHn9kkEsDZskRGtkfj6PtoTn1wGgutY2NZR9jCI0InXY7zqWbUXz6cGcuIXKMkQq/mtUiUXBFmKVA=="
  "resolved" "https://mirrors.cloud.tencent.com/npm/reactive-signal/-/reactive-signal-2.0.1.tgz"
  "version" "2.0.1"

"regex-recursion@^6.0.2":
  "integrity" "sha512-0YCaSCq2VRIebiaUviZNs0cBz1kg5kVS2UKUfNIx8YVs1cN3AV7NTctO5FOKBA+UT2BPJIWZauYHPqJODG50cg=="
  "resolved" "https://mirrors.cloud.tencent.com/npm/regex-recursion/-/regex-recursion-6.0.2.tgz"
  "version" "6.0.2"
  dependencies:
    "regex-utilities" "^2.3.0"

"regex-utilities@^2.3.0":
  "integrity" "sha512-8VhliFJAWRaUiVvREIiW2NXXTmHs4vMNnSzuJVhscgmGav3g9VDxLrQndI3dZZVVdp0ZO/5v0xmX516/7M9cng=="
  "resolved" "https://mirrors.cloud.tencent.com/npm/regex-utilities/-/regex-utilities-2.3.0.tgz"
  "version" "2.3.0"

"regex@^6.0.1":
  "integrity" "sha512-uorlqlzAKjKQZ5P+kTJr3eeJGSVroLKoHmquUj4zHWuR+hEyNqlXsSKlYYF5F4NI6nl7tWCs0apKJ0lmfsXAPA=="
  "resolved" "https://mirrors.cloud.tencent.com/npm/regex/-/regex-6.0.1.tgz"
  "version" "6.0.1"
  dependencies:
    "regex-utilities" "^2.3.0"

"rfdc@^1.4.1":
  "integrity" "sha512-q1b3N5QkRUWUl7iyylaaj3kOpIT0N2i9MqIEQXP73GVsN9cw3fdx8X63cEmWhJGi2PPCF23Ijp7ktmd39rawIA=="
  "resolved" "https://mirrors.cloud.tencent.com/npm/rfdc/-/rfdc-1.4.1.tgz"
  "version" "1.4.1"

"rollup@^4.20.0":
  "integrity" "sha512-33xGNBsDJAkzt0PvninskHlWnTIPgDtTwhg0U38CUoNP/7H6wI2Cz6dUeoNPbjdTdsYTGuiFFASuUOWovH0SyQ=="
  "resolved" "https://mirrors.cloud.tencent.com/npm/rollup/-/rollup-4.46.1.tgz"
  "version" "4.46.1"
  dependencies:
    "@types/estree" "1.0.8"
  optionalDependencies:
    "@rollup/rollup-android-arm-eabi" "4.46.1"
    "@rollup/rollup-android-arm64" "4.46.1"
    "@rollup/rollup-darwin-arm64" "4.46.1"
    "@rollup/rollup-darwin-x64" "4.46.1"
    "@rollup/rollup-freebsd-arm64" "4.46.1"
    "@rollup/rollup-freebsd-x64" "4.46.1"
    "@rollup/rollup-linux-arm-gnueabihf" "4.46.1"
    "@rollup/rollup-linux-arm-musleabihf" "4.46.1"
    "@rollup/rollup-linux-arm64-gnu" "4.46.1"
    "@rollup/rollup-linux-arm64-musl" "4.46.1"
    "@rollup/rollup-linux-loongarch64-gnu" "4.46.1"
    "@rollup/rollup-linux-ppc64-gnu" "4.46.1"
    "@rollup/rollup-linux-riscv64-gnu" "4.46.1"
    "@rollup/rollup-linux-riscv64-musl" "4.46.1"
    "@rollup/rollup-linux-s390x-gnu" "4.46.1"
    "@rollup/rollup-linux-x64-gnu" "4.46.1"
    "@rollup/rollup-linux-x64-musl" "4.46.1"
    "@rollup/rollup-win32-arm64-msvc" "4.46.1"
    "@rollup/rollup-win32-ia32-msvc" "4.46.1"
    "@rollup/rollup-win32-x64-msvc" "4.46.1"
    "fsevents" "~2.3.2"

"search-insights@>= 1 < 3":
  "integrity" "sha512-RQPdCYTa8A68uM2jwxoY842xDhvx3E5LFL1LxvxCNMev4o5mLuokczhzjAgGwUZBAmOKZknArSxLKmXtIi2AxQ=="
  "resolved" "https://mirrors.cloud.tencent.com/npm/search-insights/-/search-insights-2.17.3.tgz"
  "version" "2.17.3"

"shiki@^2.1.0":
  "integrity" "sha512-mI//trrsaiCIPsja5CNfsyNOqgAZUb6VpJA+340toL42UpzQlXpwRV9nch69X6gaUxrr9kaOOa6e3y3uAkGFxQ=="
  "resolved" "https://mirrors.cloud.tencent.com/npm/shiki/-/shiki-2.5.0.tgz"
  "version" "2.5.0"
  dependencies:
    "@shikijs/core" "2.5.0"
    "@shikijs/engine-javascript" "2.5.0"
    "@shikijs/engine-oniguruma" "2.5.0"
    "@shikijs/langs" "2.5.0"
    "@shikijs/themes" "2.5.0"
    "@shikijs/types" "2.5.0"
    "@shikijs/vscode-textmate" "^10.0.2"
    "@types/hast" "^3.0.4"

"source-map-js@^1.2.1":
  "integrity" "sha512-UXWMKhLOwVKb728IUtQPXxfYU+usdybtUrK/8uGE8CQMvrhOpwvzDBwj0QhSL7MQc7vIsISBG8VQ8+IDQxpfQA=="
  "resolved" "https://mirrors.cloud.tencent.com/npm/source-map-js/-/source-map-js-1.2.1.tgz"
  "version" "1.2.1"

"space-separated-tokens@^2.0.0":
  "integrity" "sha512-PEGlAwrG8yXGXRjW32fGbg66JAlOAwbObuqVoJpv/mRgoWDQfgH1wDPvtzWyUSNAXBGSk8h755YDbbcEy3SH2Q=="
  "resolved" "https://mirrors.cloud.tencent.com/npm/space-separated-tokens/-/space-separated-tokens-2.0.2.tgz"
  "version" "2.0.2"

"speakingurl@^14.0.1":
  "integrity" "sha512-1POYv7uv2gXoyGFpBCmpDVSNV74IfsWlDW216UPjbWufNf+bSU6GdbDsxdcxtfwb4xlI3yxzOTKClUosxARYrQ=="
  "resolved" "https://mirrors.cloud.tencent.com/npm/speakingurl/-/speakingurl-14.0.1.tgz"
  "version" "14.0.1"

"stringify-entities@^4.0.0":
  "integrity" "sha512-IwfBptatlO+QCJUo19AqvrPNqlVMpW9YEL2LIVY+Rpv2qsjCGxaDLNRgeGsQWJhfItebuJhsGSLjaBbNSQ+ieg=="
  "resolved" "https://mirrors.cloud.tencent.com/npm/stringify-entities/-/stringify-entities-4.0.4.tgz"
  "version" "4.0.4"
  dependencies:
    "character-entities-html4" "^2.0.0"
    "character-entities-legacy" "^3.0.0"

"superjson@^2.2.2":
  "integrity" "sha512-5JRxVqC8I8NuOUjzBbvVJAKNM8qoVuH0O77h4WInc/qC2q5IreqKxYwgkga3PfA22OayK2ikceb/B26dztPl+Q=="
  "resolved" "https://mirrors.cloud.tencent.com/npm/superjson/-/superjson-2.2.2.tgz"
  "version" "2.2.2"
  dependencies:
    "copy-anything" "^3.0.2"

"tabbable@^6.2.0":
  "integrity" "sha512-Cat63mxsVJlzYvN51JmVXIgNoUokrIaT2zLclCXjRd8boZ0004U4KCs/sToJ75C6sdlByWxpYnb5Boif1VSFew=="
  "resolved" "https://mirrors.cloud.tencent.com/npm/tabbable/-/tabbable-6.2.0.tgz"
  "version" "6.2.0"

"trim-lines@^3.0.0":
  "integrity" "sha512-kRj8B+YHZCc9kQYdWfJB2/oUl9rA99qbowYYBtr4ui4mZyAQ2JpvVBd/6U2YloATfqBhBTSMhTpgBHtU0Mf3Rg=="
  "resolved" "https://mirrors.cloud.tencent.com/npm/trim-lines/-/trim-lines-3.0.1.tgz"
  "version" "3.0.1"

"unist-util-is@^6.0.0":
  "integrity" "sha512-2qCTHimwdxLfz+YzdGfkqNlH0tLi9xjTnHddPmJwtIG9MGsdbutfTc4P+haPD7l7Cjxf/WZj+we5qfVPvvxfYw=="
  "resolved" "https://mirrors.cloud.tencent.com/npm/unist-util-is/-/unist-util-is-6.0.0.tgz"
  "version" "6.0.0"
  dependencies:
    "@types/unist" "^3.0.0"

"unist-util-position@^5.0.0":
  "integrity" "sha512-fucsC7HjXvkB5R3kTCO7kUjRdrS0BJt3M/FPxmHMBOm8JQi2BsHAHFsy27E0EolP8rp0NzXsJ+jNPyDWvOJZPA=="
  "resolved" "https://mirrors.cloud.tencent.com/npm/unist-util-position/-/unist-util-position-5.0.0.tgz"
  "version" "5.0.0"
  dependencies:
    "@types/unist" "^3.0.0"

"unist-util-stringify-position@^4.0.0":
  "integrity" "sha512-0ASV06AAoKCDkS2+xw5RXJywruurpbC4JZSm7nr7MOt1ojAzvyyaO+UxZf18j8FCF6kmzCZKcAgN/yu2gm2XgQ=="
  "resolved" "https://mirrors.cloud.tencent.com/npm/unist-util-stringify-position/-/unist-util-stringify-position-4.0.0.tgz"
  "version" "4.0.0"
  dependencies:
    "@types/unist" "^3.0.0"

"unist-util-visit-parents@^6.0.0":
  "integrity" "sha512-L/PqWzfTP9lzzEa6CKs0k2nARxTdZduw3zyh8d2NVBnsyvHjSX4TWse388YrrQKbvI8w20fGjGlhgT96WwKykw=="
  "resolved" "https://mirrors.cloud.tencent.com/npm/unist-util-visit-parents/-/unist-util-visit-parents-6.0.1.tgz"
  "version" "6.0.1"
  dependencies:
    "@types/unist" "^3.0.0"
    "unist-util-is" "^6.0.0"

"unist-util-visit@^5.0.0":
  "integrity" "sha512-MR04uvD+07cwl/yhVuVWAtw+3GOR/knlL55Nd/wAdblk27GCVt3lqpTivy/tkJcZoNPzTwS1Y+KMojlLDhoTzg=="
  "resolved" "https://mirrors.cloud.tencent.com/npm/unist-util-visit/-/unist-util-visit-5.0.0.tgz"
  "version" "5.0.0"
  dependencies:
    "@types/unist" "^3.0.0"
    "unist-util-is" "^6.0.0"
    "unist-util-visit-parents" "^6.0.0"

"vfile-message@^4.0.0":
  "integrity" "sha512-QTHzsGd1EhbZs4AsQ20JX1rC3cOlt/IWJruk893DfLRr57lcnOeMaWG4K0JrRta4mIJZKth2Au3mM3u03/JWKw=="
  "resolved" "https://mirrors.cloud.tencent.com/npm/vfile-message/-/vfile-message-4.0.3.tgz"
  "version" "4.0.3"
  dependencies:
    "@types/unist" "^3.0.0"
    "unist-util-stringify-position" "^4.0.0"

"vfile@^6.0.0":
  "integrity" "sha512-KzIbH/9tXat2u30jf+smMwFCsno4wHVdNmzFyL+T/L3UGqqk6JKfVqOFOZEpZSHADH1k40ab6NUIXZq422ov3Q=="
  "resolved" "https://mirrors.cloud.tencent.com/npm/vfile/-/vfile-6.0.3.tgz"
  "version" "6.0.3"
  dependencies:
    "@types/unist" "^3.0.0"
    "vfile-message" "^4.0.0"

"vite@^5.0.0 || ^6.0.0", "vite@^5.4.14":
  "integrity" "sha512-qO3aKv3HoQC8QKiNSTuUM1l9o/XX3+c+VTgLHbJWHZGeTPVAg2XwazI9UWzoxjIJCGCV2zU60uqMzjeLZuULqA=="
  "resolved" "https://mirrors.cloud.tencent.com/npm/vite/-/vite-5.4.19.tgz"
  "version" "5.4.19"
  dependencies:
    "esbuild" "^0.21.3"
    "postcss" "^8.4.43"
    "rollup" "^4.20.0"
  optionalDependencies:
    "fsevents" "~2.3.3"

"vitepress@^1.6.3":
  "integrity" "sha512-fCkfdOk8yRZT8GD9BFqusW3+GggWYZ/rYncOfmgcDtP3ualNHCAg+Robxp2/6xfH1WwPHtGpPwv7mbA3qomtBw=="
  "resolved" "https://mirrors.cloud.tencent.com/npm/vitepress/-/vitepress-1.6.3.tgz"
  "version" "1.6.3"
  dependencies:
    "@docsearch/css" "3.8.2"
    "@docsearch/js" "3.8.2"
    "@iconify-json/simple-icons" "^1.2.21"
    "@shikijs/core" "^2.1.0"
    "@shikijs/transformers" "^2.1.0"
    "@shikijs/types" "^2.1.0"
    "@types/markdown-it" "^14.1.2"
    "@vitejs/plugin-vue" "^5.2.1"
    "@vue/devtools-api" "^7.7.0"
    "@vue/shared" "^3.5.13"
    "@vueuse/core" "^12.4.0"
    "@vueuse/integrations" "^12.4.0"
    "focus-trap" "^7.6.4"
    "mark.js" "8.11.1"
    "minisearch" "^7.1.1"
    "shiki" "^2.1.0"
    "vite" "^5.4.14"
    "vue" "^3.5.13"

"vue@^3.2.25", "vue@^3.5.13", "vue@3.5.18":
  "integrity" "sha512-7W4Y4ZbMiQ3SEo+m9lnoNpV9xG7QVMLa+/0RFwwiAVkeYoyGXqWE85jabU4pllJNUzqfLShJ5YLptewhCWUgNA=="
  "resolved" "https://mirrors.cloud.tencent.com/npm/vue/-/vue-3.5.18.tgz"
  "version" "3.5.18"
  dependencies:
    "@vue/compiler-dom" "3.5.18"
    "@vue/compiler-sfc" "3.5.18"
    "@vue/runtime-dom" "3.5.18"
    "@vue/server-renderer" "3.5.18"
    "@vue/shared" "3.5.18"

"weakmap-polyfill@2.0.4":
  "integrity" "sha512-ZzxBf288iALJseijWelmECm/1x7ZwQn3sMYIkDr2VvZp7r6SEKuT8D0O9Wiq6L9Nl5mazrOMcmiZE/2NCenaxw=="
  "resolved" "https://mirrors.cloud.tencent.com/npm/weakmap-polyfill/-/weakmap-polyfill-2.0.4.tgz"
  "version" "2.0.4"

"zwitch@^2.0.4":
  "integrity" "sha512-bXE4cR/kVZhKZX/RjPEflHaKVhUVl85noU3v6b8apfQEc1x4A+zBxjZ4lN8LqGd6WZ3dl98pY4o717VFmoPp+A=="
  "resolved" "https://mirrors.cloud.tencent.com/npm/zwitch/-/zwitch-2.0.4.tgz"
  "version" "2.0.4"
